
Microsoft Visual Studio Solution File, Format Version 12.00
# Visual Studio Version 17
VisualStudioVersion = 17.5.33627.172
MinimumVisualStudioVersion = 10.0.40219.1
Project("{9A19103F-16F7-4668-BE54-9A1E7A4F7556}") = "BornToMove", "BornToMove\BornToMove.csproj", "{394FBF4F-2D21-4648-BF08-73D12BAB3BD1}"
EndProject
Project("{9A19103F-16F7-4668-BE54-9A1E7A4F7556}") = "BornToMove.Business", "BornToMove.Business\BornToMove.Business.csproj", "{07D9785B-5BB6-4165-8CA7-EF953ABA40B2}"
EndProject
Project("{9A19103F-16F7-4668-BE54-9A1E7A4F7556}") = "BornToMove.DAL", "BornToMove.DAL\BornToMove.DAL.csproj", "{3BBDC613-B74B-49EE-B482-B2D83C49EF8F}"
EndProject
Project("{9A19103F-16F7-4668-BE54-9A1E7A4F7556}") = "BornToMove.OrganizerTest", "BornToMove.OrganizerTest\BornToMove.OrganizerTest.csproj", "{C19023FC-F701-4BEC-A409-2F68CA5037E4}"
EndProject
Project("{9A19103F-16F7-4668-BE54-9A1E7A4F7556}") = "Organizer", "Organizer\Organizer.csproj", "{C2C739F7-D2C4-4B70-9F28-BFAFAC38D588}"
EndProject
Global
	GlobalSection(SolutionConfigurationPlatforms) = preSolution
		Debug|Any CPU = Debug|Any CPU
		Release|Any CPU = Release|Any CPU
	EndGlobalSection
	GlobalSection(ProjectConfigurationPlatforms) = postSolution
		{394FBF4F-2D21-4648-BF08-73D12BAB3BD1}.Debug|Any CPU.ActiveCfg = Debug|Any CPU
		{394FBF4F-2D21-4648-BF08-73D12BAB3BD1}.Debug|Any CPU.Build.0 = Debug|Any CPU
		{394FBF4F-2D21-4648-BF08-73D12BAB3BD1}.Release|Any CPU.ActiveCfg = Release|Any CPU
		{394FBF4F-2D21-4648-BF08-73D12BAB3BD1}.Release|Any CPU.Build.0 = Release|Any CPU
		{07D9785B-5BB6-4165-8CA7-EF953ABA40B2}.Debug|Any CPU.ActiveCfg = Debug|Any CPU
		{07D9785B-5BB6-4165-8CA7-EF953ABA40B2}.Debug|Any CPU.Build.0 = Debug|Any CPU
		{07D9785B-5BB6-4165-8CA7-EF953ABA40B2}.Release|Any CPU.ActiveCfg = Release|Any CPU
		{07D9785B-5BB6-4165-8CA7-EF953ABA40B2}.Release|Any CPU.Build.0 = Release|Any CPU
		{3BBDC613-B74B-49EE-B482-B2D83C49EF8F}.Debug|Any CPU.ActiveCfg = Debug|Any CPU
		{3BBDC613-B74B-49EE-B482-B2D83C49EF8F}.Debug|Any CPU.Build.0 = Debug|Any CPU
		{3BBDC613-B74B-49EE-B482-B2D83C49EF8F}.Release|Any CPU.ActiveCfg = Release|Any CPU
		{3BBDC613-B74B-49EE-B482-B2D83C49EF8F}.Release|Any CPU.Build.0 = Release|Any CPU
		{C19023FC-F701-4BEC-A409-2F68CA5037E4}.Debug|Any CPU.ActiveCfg = Debug|Any CPU
		{C19023FC-F701-4BEC-A409-2F68CA5037E4}.Debug|Any CPU.Build.0 = Debug|Any CPU
		{C19023FC-F701-4BEC-A409-2F68CA5037E4}.Release|Any CPU.ActiveCfg = Release|Any CPU
		{C19023FC-F701-4BEC-A409-2F68CA5037E4}.Release|Any CPU.Build.0 = Release|Any CPU
		{C2C739F7-D2C4-4B70-9F28-BFAFAC38D588}.Debug|Any CPU.ActiveCfg = Debug|Any CPU
		{C2C739F7-D2C4-4B70-9F28-BFAFAC38D588}.Debug|Any CPU.Build.0 = Debug|Any CPU
		{C2C739F7-D2C4-4B70-9F28-BFAFAC38D588}.Release|Any CPU.ActiveCfg = Release|Any CPU
		{C2C739F7-D2C4-4B70-9F28-BFAFAC38D588}.Release|Any CPU.Build.0 = Release|Any CPU
	EndGlobalSection
	GlobalSection(SolutionProperties) = preSolution
		HideSolutionNode = FALSE
	EndGlobalSection
	GlobalSection(ExtensibilityGlobals) = postSolution
		SolutionGuid = {5D44D480-307F-4664-853A-39C7745B1E56}
	EndGlobalSection
EndGlobal
