
Microsoft Visual Studio Solution File, Format Version 12.00
# Visual Studio Version 17
VisualStudioVersion = 17.5.33627.172
MinimumVisualStudioVersion = 10.0.40219.1
Project("{FAE04EC0-301F-11D3-BF4B-00C04F79EFBC}") = "Organizer", "Organizer\Organizer.csproj", "{E633EA30-EE08-4643-8D59-15EE058DE954}"
EndProject
Project("{FAE04EC0-301F-11D3-BF4B-00C04F79EFBC}") = "BornToMove", "BornToMove\BornToMove.csproj", "{394FBF4F-2D21-4648-BF08-73D12BAB3BD1}"
EndProject
Global
	GlobalSection(SolutionConfigurationPlatforms) = preSolution
		Debug|Any CPU = Debug|Any CPU
		Release|Any CPU = Release|Any CPU
	EndGlobalSection
	GlobalSection(ProjectConfigurationPlatforms) = postSolution
		{E633EA30-EE08-4643-8D59-15EE058DE954}.Debug|Any CPU.ActiveCfg = Debug|Any CPU
		{E633EA30-EE08-4643-8D59-15EE058DE954}.Debug|Any CPU.Build.0 = Debug|Any CPU
		{E633EA30-EE08-4643-8D59-15EE058DE954}.Release|Any CPU.ActiveCfg = Release|Any CPU
		{E633EA30-EE08-4643-8D59-15EE058DE954}.Release|Any CPU.Build.0 = Release|Any CPU
		{394FBF4F-2D21-4648-BF08-73D12BAB3BD1}.Debug|Any CPU.ActiveCfg = Debug|Any CPU
		{394FBF4F-2D21-4648-BF08-73D12BAB3BD1}.Debug|Any CPU.Build.0 = Debug|Any CPU
		{394FBF4F-2D21-4648-BF08-73D12BAB3BD1}.Release|Any CPU.ActiveCfg = Release|Any CPU
		{394FBF4F-2D21-4648-BF08-73D12BAB3BD1}.Release|Any CPU.Build.0 = Release|Any CPU
	EndGlobalSection
	GlobalSection(SolutionProperties) = preSolution
		HideSolutionNode = FALSE
	EndGlobalSection
	GlobalSection(ExtensibilityGlobals) = postSolution
		SolutionGuid = {5D44D480-307F-4664-853A-39C7745B1E56}
	EndGlobalSection
EndGlobal
